// !$*UTF8*$!
{
	archiveVersion = 1;
	classes = {
	};
	objectVersion = 46;
	objects = {

/* Begin PBXBuildFile section */
		12E2AD5F1C4403EC00D0B695 /* AppDelegate.swift in Sources */ = {isa = PBXBuildFile; fileRef = 12E2AD5E1C4403EC00D0B695 /* AppDelegate.swift */; };
		12E2AD611C4403EC00D0B695 /* ViewController.swift in Sources */ = {isa = PBXBuildFile; fileRef = 12E2AD601C4403EC00D0B695 /* ViewController.swift */; };
		12E2AD641C4403EC00D0B695 /* Main.storyboard in Resources */ = {isa = PBXBuildFile; fileRef = 12E2AD621C4403EC00D0B695 /* Main.storyboard */; };
		12E2AD671C4403EC00D0B695 /* Kshatriya_Connect_yesh.xcdatamodeld in Sources */ = {isa = PBXBuildFile; fileRef = 12E2AD651C4403EC00D0B695 /* Kshatriya_Connect_yesh.xcdatamodeld */; };
		12E2AD691C4403EC00D0B695 /* Assets.xcassets in Resources */ = {isa = PBXBuildFile; fileRef = 12E2AD681C4403EC00D0B695 /* Assets.xcassets */; };
		12E2AD6C1C4403EC00D0B695 /* LaunchScreen.storyboard in Resources */ = {isa = PBXBuildFile; fileRef = 12E2AD6A1C4403EC00D0B695 /* LaunchScreen.storyboard */; };
/* End PBXBuildFile section */

/* Begin PBXFileReference section */
		12E2AD5B1C4403EC00D0B695 /* Kshatriya-Connect-yesh.app */ = {isa = PBXFileReference; explicitFileType = wrapper.application; includeInIndex = 0; path = "Kshatriya-Connect-yesh.app"; sourceTree = BUILT_PRODUCTS_DIR; };
		12E2AD5E1C4403EC00D0B695 /* AppDelegate.swift */ = {isa = PBXFileReference; lastKnownFileType = sourcecode.swift; path = AppDelegate.swift; sourceTree = "<group>"; };
		12E2AD601C4403EC00D0B695 /* ViewController.swift */ = {isa = PBXFileReference; lastKnownFileType = sourcecode.swift; path = ViewController.swift; sourceTree = "<group>"; };
		12E2AD631C4403EC00D0B695 /* Base */ = {isa = PBXFileReference; lastKnownFileType = file.storyboard; name = Base; path = Base.lproj/Main.storyboard; sourceTree = "<group>"; };
		12E2AD661C4403EC00D0B695 /* Kshatriya_Connect_yesh.xcdatamodel */ = {isa = PBXFileReference; lastKnownFileType = wrapper.xcdatamodel; path = Kshatriya_Connect_yesh.xcdatamodel; sourceTree = "<group>"; };
		12E2AD681C4403EC00D0B695 /* Assets.xcassets */ = {isa = PBXFileReference; lastKnownFileType = folder.assetcatalog; path = Assets.xcassets; sourceTree = "<group>"; };
		12E2AD6B1C4403EC00D0B695 /* Base */ = {isa = PBXFileReference; lastKnownFileType = file.storyboard; name = Base; path = Base.lproj/LaunchScreen.storyboard; sourceTree = "<group>"; };
		12E2AD6D1C4403EC00D0B695 /* Info.plist */ = {isa = PBXFileReference; lastKnownFileType = text.plist.xml; path = Info.plist; sourceTree = "<group>"; };
/* End PBXFileReference section */

/* Begin PBXFrameworksBuildPhase section */
		12E2AD581C4403EC00D0B695 /* Frameworks */ = {
			isa = PBXFrameworksBuildPhase;
			buildActionMask = 2147483647;
			files = (
			);
			runOnlyForDeploymentPostprocessing = 0;
		};
/* End PBXFrameworksBuildPhase section */

/* Begin PBXGroup section */
		12E2AD521C4403EC00D0B695 = {
			isa = PBXGroup;
			children = (
				12E2AD5D1C4403EC00D0B695 /* Kshatriya-Connect-yesh */,
				12E2AD5C1C4403EC00D0B695 /* Products */,
			);
			sourceTree = "<group>";
		};
		12E2AD5C1C4403EC00D0B695 /* Products */ = {
			isa = PBXGroup;
			children = (
				12E2AD5B1C4403EC00D0B695 /* Kshatriya-Connect-yesh.app */,
			);
			name = Products;
			sourceTree = "<group>";
		};
		12E2AD5D1C4403EC00D0B695 /* Kshatriya-Connect-yesh */ = {
			isa = PBXGroup;
			children = (
				12E2AD5E1C4403EC00D0B695 /* AppDelegate.swift */,
				12E2AD601C4403EC00D0B695 /* ViewController.swift */,
				12E2AD621C4403EC00D0B695 /* Main.storyboard */,
				12E2AD681C4403EC00D0B695 /* Assets.xcassets */,
				12E2AD6A1C4403EC00D0B695 /* LaunchScreen.storyboard */,
				12E2AD6D1C4403EC00D0B695 /* Info.plist */,
				12E2AD651C4403EC00D0B695 /* Kshatriya_Connect_yesh.xcdatamodeld */,
			);
			path = "Kshatriya-Connect-yesh";
			sourceTree = "<group>";
		};
/* End PBXGroup section */

/* Begin PBXNativeTarget section */
		12E2AD5A1C4403EC00D0B695 /* Kshatriya-Connect-yesh */ = {
			isa = PBXNativeTarget;
			buildConfigurationList = 12E2AD701C4403EC00D0B695 /* Build configuration list for PBXNativeTarget "Kshatriya-Connect-yesh" */;
			buildPhases = (
				12E2AD571C4403EC00D0B695 /* Sources */,
				12E2AD581C4403EC00D0B695 /* Frameworks */,
				12E2AD591C4403EC00D0B695 /* Resources */,
			);
			buildRules = (
			);
			dependencies = (
			);
			name = "Kshatriya-Connect-yesh";
			productName = "Kshatriya-Connect-yesh";
			productReference = 12E2AD5B1C4403EC00D0B695 /* Kshatriya-Connect-yesh.app */;
			productType = "com.apple.product-type.application";
		};
/* End PBXNativeTarget section */

/* Begin PBXProject section */
		12E2AD531C4403EC00D0B695 /* Project object */ = {
			isa = PBXProject;
			attributes = {
				LastSwiftUpdateCheck = 0710;
				LastUpgradeCheck = 0710;
				ORGANIZATIONNAME = "Yeswanth varma Kanumuri";
				TargetAttributes = {
					12E2AD5A1C4403EC00D0B695 = {
						CreatedOnToolsVersion = 7.1.1;
					};
				};
			};
			buildConfigurationList = 12E2AD561C4403EC00D0B695 /* Build configuration list for PBXProject "Kshatriya-Connect-yesh" */;
			compatibilityVersion = "Xcode 3.2";
			developmentRegion = English;
			hasScannedForEncodings = 0;
			knownRegions = (
				en,
				Base,
			);
			mainGroup = 12E2AD521C4403EC00D0B695;
			productRefGroup = 12E2AD5C1C4403EC00D0B695 /* Products */;
			projectDirPath = "";
			projectRoot = "";
			targets = (
				12E2AD5A1C4403EC00D0B695 /* Kshatriya-Connect-yesh */,
			);
		};
/* End PBXProject section */

/* Begin PBXResourcesBuildPhase section */
		12E2AD591C4403EC00D0B695 /* Resources */ = {
			isa = PBXResourcesBuildPhase;
			buildActionMask = 2147483647;
			files = (
				12E2AD6C1C4403EC00D0B695 /* LaunchScreen.storyboard in Resources */,
				12E2AD691C4403EC00D0B695 /* Assets.xcassets in Resources */,
				12E2AD641C4403EC00D0B695 /* Main.storyboard in Resources */,
			);
			runOnlyForDeploymentPostprocessing = 0;
		};
/* End PBXResourcesBuildPhase section */

/* Begin PBXSourcesBuildPhase section */
		12E2AD571C4403EC00D0B695 /* Sources */ = {
			isa = PBXSourcesBuildPhase;
			buildActionMask = 2147483647;
			files = (
				12E2AD611C4403EC00D0B695 /* ViewController.swift in Sources */,
				12E2AD671C4403EC00D0B695 /* Kshatriya_Connect_yesh.xcdatamodeld in Sources */,
				12E2AD5F1C4403EC00D0B695 /* AppDelegate.swift in Sources */,
			);
			runOnlyForDeploymentPostprocessing = 0;
		};
/* End PBXSourcesBuildPhase section */

/* Begin PBXVariantGroup section */
		12E2AD621C4403EC00D0B695 /* Main.storyboard */ = {
			isa = PBXVariantGroup;
			children = (
				12E2AD631C4403EC00D0B695 /* Base */,
			);
			name = Main.storyboard;
			sourceTree = "<group>";
		};
		12E2AD6A1C4403EC00D0B695 /* LaunchScreen.storyboard */ = {
			isa = PBXVariantGroup;
			children = (
				12E2AD6B1C4403EC00D0B695 /* Base */,
			);
			name = LaunchScreen.storyboard;
			sourceTree = "<group>";
		};
/* End PBXVariantGroup section */

/* Begin XCBuildConfiguration section */
		12E2AD6E1C4403EC00D0B695 /* Debug */ = {
			isa = XCBuildConfiguration;
			buildSettings = {
				ALWAYS_SEARCH_USER_PATHS = NO;
				CLANG_CXX_LANGUAGE_STANDARD = "gnu++0x";
				CLANG_CXX_LIBRARY = "libc++";
				CLANG_ENABLE_MODULES = YES;
				CLANG_ENABLE_OBJC_ARC = YES;
				CLANG_WARN_BOOL_CONVERSION = YES;
				CLANG_WARN_CONSTANT_CONVERSION = YES;
				CLANG_WARN_DIRECT_OBJC_ISA_USAGE = YES_ERROR;
				CLANG_WARN_EMPTY_BODY = YES;
				CLANG_WARN_ENUM_CONVERSION = YES;
				CLANG_WARN_INT_CONVERSION = YES;
				CLANG_WARN_OBJC_ROOT_CLASS = YES_ERROR;
				CLANG_WARN_UNREACHABLE_CODE = YES;
				CLANG_WARN__DUPLICATE_METHOD_MATCH = YES;
				"CODE_SIGN_IDENTITY[sdk=iphoneos*]" = "iPhone Developer";
				COPY_PHASE_STRIP = NO;
				DEBUG_INFORMATION_FORMAT = dwarf;
				ENABLE_STRICT_OBJC_MSGSEND = YES;
				ENABLE_TESTABILITY = YES;
				GCC_C_LANGUAGE_STANDARD = gnu99;
				GCC_DYNAMIC_NO_PIC = NO;
				GCC_NO_COMMON_BLOCKS = YES;
				GCC_OPTIMIZATION_LEVEL = 0;
				GCC_PREPROCESSOR_DEFINITIONS = (
					"DEBUG=1",
					"$(inherited)",
				);
				GCC_WARN_64_TO_32_BIT_CONVERSION = YES;
				GCC_WARN_ABOUT_RETURN_TYPE = YES_ERROR;
				GCC_WARN_UNDECLARED_SELECTOR = YES;
				GCC_WARN_UNINITIALIZED_AUTOS = YES_AGGRESSIVE;
				GCC_WARN_UNUSED_FUNCTION = YES;
				GCC_WARN_UNUSED_VARIABLE = YES;
				IPHONEOS_DEPLOYMENT_TARGET = 9.1;
				MTL_ENABLE_DEBUG_INFO = YES;
				ONLY_ACTIVE_ARCH = YES;
				SDKROOT = iphoneos;
				SWIFT_OPTIMIZATION_LEVEL = "-Onone";
				TARGETED_DEVICE_FAMILY = "1,2";
			};
			name = Debug;
		};
		12E2AD6F1C4403EC00D0B695 /* Release */ = {
			isa = XCBuildConfiguration;
			buildSettings = {
				ALWAYS_SEARCH_USER_PATHS = NO;
				CLANG_CXX_LANGUAGE_STANDARD = "gnu++0x";
				CLANG_CXX_LIBRARY = "libc++";
				CLANG_ENABLE_MODULES = YES;
				CLANG_ENABLE_OBJC_ARC = YES;
				CLANG_WARN_BOOL_CONVERSION = YES;
				CLANG_WARN_CONSTANT_CONVERSION = YES;
				CLANG_WARN_DIRECT_OBJC_ISA_USAGE = YES_ERROR;
				CLANG_WARN_EMPTY_BODY = YES;
				CLANG_WARN_ENUM_CONVERSION = YES;
				CLANG_WARN_INT_CONVERSION = YES;
				CLANG_WARN_OBJC_ROOT_CLASS = YES_ERROR;
				CLANG_WARN_UNREACHABLE_CODE = YES;
				CLANG_WARN__DUPLICATE_METHOD_MATCH = YES;
				"CODE_SIGN_IDENTITY[sdk=iphoneos*]" = "iPhone Developer";
				COPY_PHASE_STRIP = NO;
				DEBUG_INFORMATION_FORMAT = "dwarf-with-dsym";
				ENABLE_NS_ASSERTIONS = NO;
				ENABLE_STRICT_OBJC_MSGSEND = YES;
				GCC_C_LANGUAGE_STANDARD = gnu99;
				GCC_NO_COMMON_BLOCKS = YES;
				GCC_WARN_64_TO_32_BIT_CONVERSION = YES;
				GCC_WARN_ABOUT_RETURN_TYPE = YES_ERROR;
				GCC_WARN_UNDECLARED_SELECTOR = YES;
				GCC_WARN_UNINITIALIZED_AUTOS = YES_AGGRESSIVE;
				GCC_WARN_UNUSED_FUNCTION = YES;
				GCC_WARN_UNUSED_VARIABLE = YES;
				IPHONEOS_DEPLOYMENT_TARGET = 9.1;
				MTL_ENABLE_DEBUG_INFO = NO;
				SDKROOT = iphoneos;
				TARGETED_DEVICE_FAMILY = "1,2";
				VALIDATE_PRODUCT = YES;
			};
			name = Release;
		};
		12E2AD711C4403EC00D0B695 /* Debug */ = {
			isa = XCBuildConfiguration;
			buildSettings = {
				ASSETCATALOG_COMPILER_APPICON_NAME = AppIcon;
				INFOPLIST_FILE = "Kshatriya-Connect-yesh/Info.plist";
				LD_RUNPATH_SEARCH_PATHS = "$(inherited) @executable_path/Frameworks";
				PRODUCT_BUNDLE_IDENTIFIER = "com.yeswanthvarma.Kshatriya-Connect-yesh";
				PRODUCT_NAME = "$(TARGET_NAME)";
			};
			name = Debug;
		};
		12E2AD721C4403EC00D0B695 /* Release */ = {
			isa = XCBuildConfiguration;
			buildSettings = {
				ASSETCATALOG_COMPILER_APPICON_NAME = AppIcon;
				INFOPLIST_FILE = "Kshatriya-Connect-yesh/Info.plist";
				LD_RUNPATH_SEARCH_PATHS = "$(inherited) @executable_path/Frameworks";
				PRODUCT_BUNDLE_IDENTIFIER = "com.yeswanthvarma.Kshatriya-Connect-yesh";
				PRODUCT_NAME = "$(TARGET_NAME)";
			};
			name = Release;
		};
/* End XCBuildConfiguration section */

/* Begin XCConfigurationList section */
		12E2AD561C4403EC00D0B695 /* Build configuration list for PBXProject "Kshatriya-Connect-yesh" */ = {
			isa = XCConfigurationList;
			buildConfigurations = (
				12E2AD6E1C4403EC00D0B695 /* Debug */,
				12E2AD6F1C4403EC00D0B695 /* Release */,
			);
			defaultConfigurationIsVisible = 0;
			defaultConfigurationName = Release;
		};
		12E2AD701C4403EC00D0B695 /* Build configuration list for PBXNativeTarget "Kshatriya-Connect-yesh" */ = {
			isa = XCConfigurationList;
			buildConfigurations = (
				12E2AD711C4403EC00D0B695 /* Debug */,
				12E2AD721C4403EC00D0B695 /* Release */,
			);
			defaultConfigurationIsVisible = 0;
		};
/* End XCConfigurationList section */

/* Begin XCVersionGroup section */
		12E2AD651C4403EC00D0B695 /* Kshatriya_Connect_yesh.xcdatamodeld */ = {
			isa = XCVersionGroup;
			children = (
				12E2AD661C4403EC00D0B695 /* Kshatriya_Connect_yesh.xcdatamodel */,
			);
			currentVersion = 12E2AD661C4403EC00D0B695 /* Kshatriya_Connect_yesh.xcdatamodel */;
			path = Kshatriya_Connect_yesh.xcdatamodeld;
			sourceTree = "<group>";
			versionGroupType = wrapper.xcdatamodel;
		};
/* End XCVersionGroup section */
	};
	rootObject = 12E2AD531C4403EC00D0B695 /* Project object */;
}
